
Microsoft Visual Studio Solution File, Format Version 12.00
# Visual Studio 15
Project("{FAE04EC0-301F-11D3-BF4B-00C04F79EFBC}") = "Assembly-CSharp", "Assembly-CSharp.csproj", "{32C3BDE6-E125-3128-82C1-25D0441455A3}"
EndProject
Project("{FAE04EC0-301F-11D3-BF4B-00C04F79EFBC}") = "PhotonUnityNetworking.Demos", "PhotonUnityNetworking.Demos.csproj", "{9E2A32E4-986E-01A0-F99E-EC01763413F2}"
EndProject
Project("{FAE04EC0-301F-11D3-BF4B-00C04F79EFBC}") = "PhotonRealtime", "PhotonRealtime.csproj", "{D6FB873A-3DA8-9F60-4C23-F859E808DE21}"
EndProject
Project("{FAE04EC0-301F-11D3-BF4B-00C04F79EFBC}") = "PhotonUnityNetworking", "PhotonUnityNetworking.csproj", "{36D95032-AADB-9996-0AC6-DCC2659D7FD7}"
EndProject
Project("{FAE04EC0-301F-11D3-BF4B-00C04F79EFBC}") = "PhotonUnityNetworking.Utilities", "PhotonUnityNetworking.Utilities.csproj", "{430F62CF-CF6D-96F4-D6FF-CFC470BF47E1}"
EndProject
Project("{FAE04EC0-301F-11D3-BF4B-00C04F79EFBC}") = "PhotonChat", "PhotonChat.csproj", "{D7C783D3-6B1D-12EC-0BB6-F34981A7A963}"
EndProject
Project("{FAE04EC0-301F-11D3-BF4B-00C04F79EFBC}") = "PhotonUnityNetworking.Editor", "PhotonUnityNetworking.Editor.csproj", "{89D99A34-C977-9144-C554-6D6AAB09F39D}"
EndProject
Project("{FAE04EC0-301F-11D3-BF4B-00C04F79EFBC}") = "PhotonUnityNetworking.Utilities.PhotonPlayer.Editor", "PhotonUnityNetworking.Utilities.PhotonPlayer.Editor.csproj", "{5876083D-C809-2469-D042-AD2C15D0A5DB}"
EndProject
Project("{FAE04EC0-301F-11D3-BF4B-00C04F79EFBC}") = "PunDemos.DemoSlotcarEditor", "PunDemos.DemoSlotcarEditor.csproj", "{A4A160FA-9998-45D6-9C67-C8C86D3501E0}"
EndProject
Project("{FAE04EC0-301F-11D3-BF4B-00C04F79EFBC}") = "PhotonUnityNetworking.Utilities.Culling.Editor", "PhotonUnityNetworking.Utilities.Culling.Editor.csproj", "{449950C1-0049-0B74-03D5-60A45DB554D9}"
EndProject
Project("{FAE04EC0-301F-11D3-BF4B-00C04F79EFBC}") = "PunDemos.DemoHubEditor", "PunDemos.DemoHubEditor.csproj", "{5D70DCB4-72B9-45A4-6FDA-6290C3F0CF3C}"
EndProject
Project("{FAE04EC0-301F-11D3-BF4B-00C04F79EFBC}") = "Assembly-CSharp-Editor", "Assembly-CSharp-Editor.csproj", "{E8A91009-7186-A382-4FE4-3C21BA335F00}"
EndProject
Global
	GlobalSection(SolutionConfigurationPlatforms) = preSolution
		Debug|Any CPU = Debug|Any CPU
		Release|Any CPU = Release|Any CPU
	EndGlobalSection
	GlobalSection(ProjectConfigurationPlatforms) = postSolution
		{32C3BDE6-E125-3128-82C1-25D0441455A3}.Debug|Any CPU.ActiveCfg = Debug|Any CPU
		{32C3BDE6-E125-3128-82C1-25D0441455A3}.Debug|Any CPU.Build.0 = Debug|Any CPU
		{32C3BDE6-E125-3128-82C1-25D0441455A3}.Release|Any CPU.ActiveCfg = Release|Any CPU
		{32C3BDE6-E125-3128-82C1-25D0441455A3}.Release|Any CPU.Build.0 = Release|Any CPU
		{9E2A32E4-986E-01A0-F99E-EC01763413F2}.Debug|Any CPU.ActiveCfg = Debug|Any CPU
		{9E2A32E4-986E-01A0-F99E-EC01763413F2}.Debug|Any CPU.Build.0 = Debug|Any CPU
		{9E2A32E4-986E-01A0-F99E-EC01763413F2}.Release|Any CPU.ActiveCfg = Release|Any CPU
		{9E2A32E4-986E-01A0-F99E-EC01763413F2}.Release|Any CPU.Build.0 = Release|Any CPU
		{D6FB873A-3DA8-9F60-4C23-F859E808DE21}.Debug|Any CPU.ActiveCfg = Debug|Any CPU
		{D6FB873A-3DA8-9F60-4C23-F859E808DE21}.Debug|Any CPU.Build.0 = Debug|Any CPU
		{D6FB873A-3DA8-9F60-4C23-F859E808DE21}.Release|Any CPU.ActiveCfg = Release|Any CPU
		{D6FB873A-3DA8-9F60-4C23-F859E808DE21}.Release|Any CPU.Build.0 = Release|Any CPU
		{36D95032-AADB-9996-0AC6-DCC2659D7FD7}.Debug|Any CPU.ActiveCfg = Debug|Any CPU
		{36D95032-AADB-9996-0AC6-DCC2659D7FD7}.Debug|Any CPU.Build.0 = Debug|Any CPU
		{36D95032-AADB-9996-0AC6-DCC2659D7FD7}.Release|Any CPU.ActiveCfg = Release|Any CPU
		{36D95032-AADB-9996-0AC6-DCC2659D7FD7}.Release|Any CPU.Build.0 = Release|Any CPU
		{430F62CF-CF6D-96F4-D6FF-CFC470BF47E1}.Debug|Any CPU.ActiveCfg = Debug|Any CPU
		{430F62CF-CF6D-96F4-D6FF-CFC470BF47E1}.Debug|Any CPU.Build.0 = Debug|Any CPU
		{430F62CF-CF6D-96F4-D6FF-CFC470BF47E1}.Release|Any CPU.ActiveCfg = Release|Any CPU
		{430F62CF-CF6D-96F4-D6FF-CFC470BF47E1}.Release|Any CPU.Build.0 = Release|Any CPU
		{D7C783D3-6B1D-12EC-0BB6-F34981A7A963}.Debug|Any CPU.ActiveCfg = Debug|Any CPU
		{D7C783D3-6B1D-12EC-0BB6-F34981A7A963}.Debug|Any CPU.Build.0 = Debug|Any CPU
		{D7C783D3-6B1D-12EC-0BB6-F34981A7A963}.Release|Any CPU.ActiveCfg = Release|Any CPU
		{D7C783D3-6B1D-12EC-0BB6-F34981A7A963}.Release|Any CPU.Build.0 = Release|Any CPU
		{89D99A34-C977-9144-C554-6D6AAB09F39D}.Debug|Any CPU.ActiveCfg = Debug|Any CPU
		{89D99A34-C977-9144-C554-6D6AAB09F39D}.Debug|Any CPU.Build.0 = Debug|Any CPU
		{89D99A34-C977-9144-C554-6D6AAB09F39D}.Release|Any CPU.ActiveCfg = Release|Any CPU
		{89D99A34-C977-9144-C554-6D6AAB09F39D}.Release|Any CPU.Build.0 = Release|Any CPU
		{5876083D-C809-2469-D042-AD2C15D0A5DB}.Debug|Any CPU.ActiveCfg = Debug|Any CPU
		{5876083D-C809-2469-D042-AD2C15D0A5DB}.Debug|Any CPU.Build.0 = Debug|Any CPU
		{5876083D-C809-2469-D042-AD2C15D0A5DB}.Release|Any CPU.ActiveCfg = Release|Any CPU
		{5876083D-C809-2469-D042-AD2C15D0A5DB}.Release|Any CPU.Build.0 = Release|Any CPU
		{A4A160FA-9998-45D6-9C67-C8C86D3501E0}.Debug|Any CPU.ActiveCfg = Debug|Any CPU
		{A4A160FA-9998-45D6-9C67-C8C86D3501E0}.Debug|Any CPU.Build.0 = Debug|Any CPU
		{A4A160FA-9998-45D6-9C67-C8C86D3501E0}.Release|Any CPU.ActiveCfg = Release|Any CPU
		{A4A160FA-9998-45D6-9C67-C8C86D3501E0}.Release|Any CPU.Build.0 = Release|Any CPU
		{449950C1-0049-0B74-03D5-60A45DB554D9}.Debug|Any CPU.ActiveCfg = Debug|Any CPU
		{449950C1-0049-0B74-03D5-60A45DB554D9}.Debug|Any CPU.Build.0 = Debug|Any CPU
		{449950C1-0049-0B74-03D5-60A45DB554D9}.Release|Any CPU.ActiveCfg = Release|Any CPU
		{449950C1-0049-0B74-03D5-60A45DB554D9}.Release|Any CPU.Build.0 = Release|Any CPU
		{5D70DCB4-72B9-45A4-6FDA-6290C3F0CF3C}.Debug|Any CPU.ActiveCfg = Debug|Any CPU
		{5D70DCB4-72B9-45A4-6FDA-6290C3F0CF3C}.Debug|Any CPU.Build.0 = Debug|Any CPU
		{5D70DCB4-72B9-45A4-6FDA-6290C3F0CF3C}.Release|Any CPU.ActiveCfg = Release|Any CPU
		{5D70DCB4-72B9-45A4-6FDA-6290C3F0CF3C}.Release|Any CPU.Build.0 = Release|Any CPU
		{E8A91009-7186-A382-4FE4-3C21BA335F00}.Debug|Any CPU.ActiveCfg = Debug|Any CPU
		{E8A91009-7186-A382-4FE4-3C21BA335F00}.Debug|Any CPU.Build.0 = Debug|Any CPU
		{E8A91009-7186-A382-4FE4-3C21BA335F00}.Release|Any CPU.ActiveCfg = Release|Any CPU
		{E8A91009-7186-A382-4FE4-3C21BA335F00}.Release|Any CPU.Build.0 = Release|Any CPU
	EndGlobalSection
	GlobalSection(SolutionProperties) = preSolution
		HideSolutionNode = FALSE
	EndGlobalSection
EndGlobal
